
Microsoft Visual Studio Solution File, Format Version 12.00
# Visual Studio 2013
VisualStudioVersion = 12.0.31101.0
MinimumVisualStudioVersion = 10.0.40219.1
Project("{FAE04EC0-301F-11D3-BF4B-00C04F79EFBC}") = "PumpController", "PumpController\PumpController.csproj", "{F2F7B847-92FF-4B16-90F1-66BEFBA51F24}"
EndProject
Project("{FAE04EC0-301F-11D3-BF4B-00C04F79EFBC}") = "SerialInterface", "SerialInterface\SerialInterface.csproj", "{F23099E2-23A4-4A03-8293-8FE03911EEF0}"
EndProject
Global
	GlobalSection(TeamFoundationVersionControl) = preSolution
		SccNumberOfProjects = 3
		SccEnterpriseProvider = {4CA58AB2-18FA-4F8D-95D4-32DDF27D184C}
		SccTeamFoundationServer = https://igemaachen.visualstudio.com/defaultcollection
		SccLocalPath0 = .
		SccProjectUniqueName1 = PumpController\\PumpController.csproj
		SccProjectName1 = PumpController
		SccLocalPath1 = PumpController
		SccProjectUniqueName2 = SerialInterface\\SerialInterface.csproj
		SccProjectName2 = SerialInterface
		SccLocalPath2 = SerialInterface
	EndGlobalSection
	GlobalSection(SolutionConfigurationPlatforms) = preSolution
		Debug|Any CPU = Debug|Any CPU
		Release|Any CPU = Release|Any CPU
	EndGlobalSection
	GlobalSection(ProjectConfigurationPlatforms) = postSolution
		{F2F7B847-92FF-4B16-90F1-66BEFBA51F24}.Debug|Any CPU.ActiveCfg = Debug|Any CPU
		{F2F7B847-92FF-4B16-90F1-66BEFBA51F24}.Debug|Any CPU.Build.0 = Debug|Any CPU
		{F2F7B847-92FF-4B16-90F1-66BEFBA51F24}.Release|Any CPU.ActiveCfg = Release|Any CPU
		{F2F7B847-92FF-4B16-90F1-66BEFBA51F24}.Release|Any CPU.Build.0 = Release|Any CPU
		{F23099E2-23A4-4A03-8293-8FE03911EEF0}.Debug|Any CPU.ActiveCfg = Debug|Any CPU
		{F23099E2-23A4-4A03-8293-8FE03911EEF0}.Debug|Any CPU.Build.0 = Debug|Any CPU
		{F23099E2-23A4-4A03-8293-8FE03911EEF0}.Release|Any CPU.ActiveCfg = Release|Any CPU
		{F23099E2-23A4-4A03-8293-8FE03911EEF0}.Release|Any CPU.Build.0 = Release|Any CPU
	EndGlobalSection
	GlobalSection(SolutionProperties) = preSolution
		HideSolutionNode = FALSE
	EndGlobalSection
EndGlobal
