
Microsoft Visual Studio Solution File, Format Version 12.00
# Visual Studio 2013
VisualStudioVersion = 12.0.31101.0
MinimumVisualStudioVersion = 10.0.40219.1
Project("{FAE04EC0-301F-11D3-BF4B-00C04F79EFBC}") = "MasterControlProgram", "MasterControlProgram\MasterControlProgram.csproj", "{5FCC7ED5-869C-4A1A-8EBE-6C31D2ADBC75}"
EndProject
Project("{FAE04EC0-301F-11D3-BF4B-00C04F79EFBC}") = "MCP.Cultivation", "MCP.Cultivation\MCP.Cultivation.csproj", "{19BC6B68-F267-4295-B5A3-52ABD5FDBC2F}"
EndProject
Project("{FAE04EC0-301F-11D3-BF4B-00C04F79EFBC}") = "MCP.Equipment", "MCP.Equipment\MCP.Equipment.csproj", "{8F7428CB-025E-489C-8197-A6F697050D91}"
EndProject
Project("{FAE04EC0-301F-11D3-BF4B-00C04F79EFBC}") = "MCP.Protocol", "MCP.Protocol\MCP.Protocol.csproj", "{11ECF3B6-E461-4972-ABD9-3C35EE064187}"
EndProject
Project("{FAE04EC0-301F-11D3-BF4B-00C04F79EFBC}") = "MCP.Measurements", "MCP.Measurements\MCP.Measurements.csproj", "{6E6B3B3D-C712-423E-8B65-DD89CBCC405D}"
EndProject
Project("{FAE04EC0-301F-11D3-BF4B-00C04F79EFBC}") = "PumpCalibrator", "PumpCalibrator\PumpCalibrator.csproj", "{CB77D70A-AE30-4C34-AEA0-555C0E1751B6}"
EndProject
Project("{E24C65DC-7377-472B-9ABA-BC803B73C61A}") = "Arduino Projects", "http://localhost:57917", "{69C2BBC8-A76D-41CE-A8AF-7824041D0E14}"
	ProjectSection(WebsiteProperties) = preProject
		SccProjectName = "SAK"
		SccAuxPath = "SAK"
		SccLocalPath = "SAK"
		SccProvider = "SAK"
		UseIISExpress = "true"
		TargetFrameworkMoniker = ".NETFramework,Version%3Dv4.0"
		Debug.AspNetCompiler.VirtualPath = "/localhost_57917"
		Debug.AspNetCompiler.PhysicalPath = "Arduino Projects\"
		Debug.AspNetCompiler.TargetPath = "PrecompiledWeb\localhost_57917\"
		Debug.AspNetCompiler.Updateable = "true"
		Debug.AspNetCompiler.ForceOverwrite = "true"
		Debug.AspNetCompiler.FixedNames = "false"
		Debug.AspNetCompiler.Debug = "True"
		Release.AspNetCompiler.VirtualPath = "/localhost_57917"
		Release.AspNetCompiler.PhysicalPath = "Arduino Projects\"
		Release.AspNetCompiler.TargetPath = "PrecompiledWeb\localhost_57917\"
		Release.AspNetCompiler.Updateable = "true"
		Release.AspNetCompiler.ForceOverwrite = "true"
		Release.AspNetCompiler.FixedNames = "false"
		Release.AspNetCompiler.Debug = "False"
		SlnRelativePath = "Arduino Projects\"
	EndProjectSection
EndProject
Project("{FAE04EC0-301F-11D3-BF4B-00C04F79EFBC}") = "MCP.Curves", "MCP.Curves\MCP.Curves.csproj", "{5710FB56-0F1A-45ED-8E44-A99FC6102C12}"
EndProject
Project("{FAE04EC0-301F-11D3-BF4B-00C04F79EFBC}") = "ODCalibrator", "ODCalibrator\ODCalibrator.csproj", "{CA1160A4-52A3-47EE-BDFB-260C65EEFBF7}"
EndProject
Project("{FAE04EC0-301F-11D3-BF4B-00C04F79EFBC}") = "GasSensorCalibrator", "GasSensorCalibrator\GasSensorCalibrator.csproj", "{44A41EC2-BE43-4E7A-809C-47031E4C189B}"
EndProject
Project("{E24C65DC-7377-472B-9ABA-BC803B73C61A}") = "Dependencies", "http://localhost:55024", "{7C68102C-9F79-48CD-B26F-2BFE45539BF4}"
	ProjectSection(WebsiteProperties) = preProject
		SccProjectName = "SAK"
		SccAuxPath = "SAK"
		SccLocalPath = "SAK"
		SccProvider = "SAK"
		UseIISExpress = "true"
		TargetFrameworkMoniker = ".NETFramework,Version%3Dv4.0"
		Debug.AspNetCompiler.VirtualPath = "/localhost_55024"
		Debug.AspNetCompiler.PhysicalPath = "Dependencies\"
		Debug.AspNetCompiler.TargetPath = "PrecompiledWeb\localhost_55024\"
		Debug.AspNetCompiler.Updateable = "true"
		Debug.AspNetCompiler.ForceOverwrite = "true"
		Debug.AspNetCompiler.FixedNames = "false"
		Debug.AspNetCompiler.Debug = "True"
		Release.AspNetCompiler.VirtualPath = "/localhost_55024"
		Release.AspNetCompiler.PhysicalPath = "Dependencies\"
		Release.AspNetCompiler.TargetPath = "PrecompiledWeb\localhost_55024\"
		Release.AspNetCompiler.Updateable = "true"
		Release.AspNetCompiler.ForceOverwrite = "true"
		Release.AspNetCompiler.FixedNames = "false"
		Release.AspNetCompiler.Debug = "False"
		SlnRelativePath = "Dependencies\"
	EndProjectSection
EndProject
Project("{FAE04EC0-301F-11D3-BF4B-00C04F79EFBC}") = "ProtocolPuppet", "ProtocolPuppet\ProtocolPuppet.csproj", "{878CB4D9-1BB2-4DF0-A220-6FD7403BCE8F}"
EndProject
Global
	GlobalSection(TeamFoundationVersionControl) = preSolution
		SccNumberOfProjects = 13
		SccEnterpriseProvider = {4CA58AB2-18FA-4F8D-95D4-32DDF27D184C}
		SccTeamFoundationServer = https://igemaachen.visualstudio.com/defaultcollection
		SccLocalPath0 = .
		SccProjectUniqueName1 = MasterControlProgram\\MasterControlProgram.csproj
		SccProjectName1 = MasterControlProgram
		SccLocalPath1 = MasterControlProgram
		SccProjectUniqueName2 = MCP.Cultivation\\MCP.Cultivation.csproj
		SccProjectName2 = MCP.Cultivation
		SccLocalPath2 = MCP.Cultivation
		SccProjectUniqueName3 = MCP.Equipment\\MCP.Equipment.csproj
		SccProjectName3 = MCP.Equipment
		SccLocalPath3 = MCP.Equipment
		SccProjectUniqueName4 = MCP.Protocol\\MCP.Protocol.csproj
		SccProjectName4 = MCP.Protocol
		SccLocalPath4 = MCP.Protocol
		SccProjectUniqueName5 = MCP.Measurements\\MCP.Measurements.csproj
		SccProjectName5 = MCP.Measurements
		SccLocalPath5 = MCP.Measurements
		SccProjectUniqueName6 = PumpCalibrator\\PumpCalibrator.csproj
		SccProjectName6 = PumpCalibrator
		SccLocalPath6 = PumpCalibrator
		SccWebProject7 = true
		SccProjectUniqueName7 = http://localhost:57917
		SccProjectName7 = Arduino\u0020Projects
		SccLocalPath7 = Arduino\u0020Projects
		SccProjectEnlistmentChoice7 = 2
		SccProjectUniqueName8 = MCP.Curves\\MCP.Curves.csproj
		SccProjectName8 = MCP.Curves
		SccLocalPath8 = MCP.Curves
		SccProjectUniqueName9 = ODCalibrator\\ODCalibrator.csproj
		SccProjectName9 = ODCalibrator
		SccLocalPath9 = ODCalibrator
		SccProjectUniqueName10 = GasSensorCalibrator\\GasSensorCalibrator.csproj
		SccProjectName10 = GasSensorCalibrator
		SccLocalPath10 = GasSensorCalibrator
		SccWebProject11 = true
		SccProjectUniqueName11 = http://localhost:55024
		SccProjectName11 = Dependencies
		SccLocalPath11 = Dependencies
		SccProjectEnlistmentChoice11 = 2
		SccProjectUniqueName12 = ProtocolPuppet\\ProtocolPuppet.csproj
		SccProjectName12 = ProtocolPuppet
		SccLocalPath12 = ProtocolPuppet
	EndGlobalSection
	GlobalSection(SolutionConfigurationPlatforms) = preSolution
		Debug|Any CPU = Debug|Any CPU
		Debug|Mixed Platforms = Debug|Mixed Platforms
		Debug|Win32 = Debug|Win32
		Release|Any CPU = Release|Any CPU
		Release|Mixed Platforms = Release|Mixed Platforms
		Release|Win32 = Release|Win32
	EndGlobalSection
	GlobalSection(ProjectConfigurationPlatforms) = postSolution
		{5FCC7ED5-869C-4A1A-8EBE-6C31D2ADBC75}.Debug|Any CPU.ActiveCfg = Debug|Any CPU
		{5FCC7ED5-869C-4A1A-8EBE-6C31D2ADBC75}.Debug|Any CPU.Build.0 = Debug|Any CPU
		{5FCC7ED5-869C-4A1A-8EBE-6C31D2ADBC75}.Debug|Mixed Platforms.ActiveCfg = Debug|Any CPU
		{5FCC7ED5-869C-4A1A-8EBE-6C31D2ADBC75}.Debug|Mixed Platforms.Build.0 = Debug|Any CPU
		{5FCC7ED5-869C-4A1A-8EBE-6C31D2ADBC75}.Debug|Win32.ActiveCfg = Debug|Any CPU
		{5FCC7ED5-869C-4A1A-8EBE-6C31D2ADBC75}.Release|Any CPU.ActiveCfg = Release|Any CPU
		{5FCC7ED5-869C-4A1A-8EBE-6C31D2ADBC75}.Release|Any CPU.Build.0 = Release|Any CPU
		{5FCC7ED5-869C-4A1A-8EBE-6C31D2ADBC75}.Release|Mixed Platforms.ActiveCfg = Release|Any CPU
		{5FCC7ED5-869C-4A1A-8EBE-6C31D2ADBC75}.Release|Mixed Platforms.Build.0 = Release|Any CPU
		{5FCC7ED5-869C-4A1A-8EBE-6C31D2ADBC75}.Release|Win32.ActiveCfg = Release|Any CPU
		{19BC6B68-F267-4295-B5A3-52ABD5FDBC2F}.Debug|Any CPU.ActiveCfg = Debug|Any CPU
		{19BC6B68-F267-4295-B5A3-52ABD5FDBC2F}.Debug|Any CPU.Build.0 = Debug|Any CPU
		{19BC6B68-F267-4295-B5A3-52ABD5FDBC2F}.Debug|Mixed Platforms.ActiveCfg = Debug|Any CPU
		{19BC6B68-F267-4295-B5A3-52ABD5FDBC2F}.Debug|Mixed Platforms.Build.0 = Debug|Any CPU
		{19BC6B68-F267-4295-B5A3-52ABD5FDBC2F}.Debug|Win32.ActiveCfg = Debug|Any CPU
		{19BC6B68-F267-4295-B5A3-52ABD5FDBC2F}.Release|Any CPU.ActiveCfg = Release|Any CPU
		{19BC6B68-F267-4295-B5A3-52ABD5FDBC2F}.Release|Any CPU.Build.0 = Release|Any CPU
		{19BC6B68-F267-4295-B5A3-52ABD5FDBC2F}.Release|Mixed Platforms.ActiveCfg = Release|Any CPU
		{19BC6B68-F267-4295-B5A3-52ABD5FDBC2F}.Release|Mixed Platforms.Build.0 = Release|Any CPU
		{19BC6B68-F267-4295-B5A3-52ABD5FDBC2F}.Release|Win32.ActiveCfg = Release|Any CPU
		{8F7428CB-025E-489C-8197-A6F697050D91}.Debug|Any CPU.ActiveCfg = Debug|Any CPU
		{8F7428CB-025E-489C-8197-A6F697050D91}.Debug|Any CPU.Build.0 = Debug|Any CPU
		{8F7428CB-025E-489C-8197-A6F697050D91}.Debug|Mixed Platforms.ActiveCfg = Debug|Any CPU
		{8F7428CB-025E-489C-8197-A6F697050D91}.Debug|Mixed Platforms.Build.0 = Debug|Any CPU
		{8F7428CB-025E-489C-8197-A6F697050D91}.Debug|Win32.ActiveCfg = Debug|Any CPU
		{8F7428CB-025E-489C-8197-A6F697050D91}.Release|Any CPU.ActiveCfg = Release|Any CPU
		{8F7428CB-025E-489C-8197-A6F697050D91}.Release|Any CPU.Build.0 = Release|Any CPU
		{8F7428CB-025E-489C-8197-A6F697050D91}.Release|Mixed Platforms.ActiveCfg = Release|Any CPU
		{8F7428CB-025E-489C-8197-A6F697050D91}.Release|Mixed Platforms.Build.0 = Release|Any CPU
		{8F7428CB-025E-489C-8197-A6F697050D91}.Release|Win32.ActiveCfg = Release|Any CPU
		{11ECF3B6-E461-4972-ABD9-3C35EE064187}.Debug|Any CPU.ActiveCfg = Debug|Any CPU
		{11ECF3B6-E461-4972-ABD9-3C35EE064187}.Debug|Any CPU.Build.0 = Debug|Any CPU
		{11ECF3B6-E461-4972-ABD9-3C35EE064187}.Debug|Mixed Platforms.ActiveCfg = Debug|Any CPU
		{11ECF3B6-E461-4972-ABD9-3C35EE064187}.Debug|Mixed Platforms.Build.0 = Debug|Any CPU
		{11ECF3B6-E461-4972-ABD9-3C35EE064187}.Debug|Win32.ActiveCfg = Debug|Any CPU
		{11ECF3B6-E461-4972-ABD9-3C35EE064187}.Release|Any CPU.ActiveCfg = Release|Any CPU
		{11ECF3B6-E461-4972-ABD9-3C35EE064187}.Release|Any CPU.Build.0 = Release|Any CPU
		{11ECF3B6-E461-4972-ABD9-3C35EE064187}.Release|Mixed Platforms.ActiveCfg = Release|Any CPU
		{11ECF3B6-E461-4972-ABD9-3C35EE064187}.Release|Mixed Platforms.Build.0 = Release|Any CPU
		{11ECF3B6-E461-4972-ABD9-3C35EE064187}.Release|Win32.ActiveCfg = Release|Any CPU
		{6E6B3B3D-C712-423E-8B65-DD89CBCC405D}.Debug|Any CPU.ActiveCfg = Debug|Any CPU
		{6E6B3B3D-C712-423E-8B65-DD89CBCC405D}.Debug|Any CPU.Build.0 = Debug|Any CPU
		{6E6B3B3D-C712-423E-8B65-DD89CBCC405D}.Debug|Mixed Platforms.ActiveCfg = Debug|Any CPU
		{6E6B3B3D-C712-423E-8B65-DD89CBCC405D}.Debug|Mixed Platforms.Build.0 = Debug|Any CPU
		{6E6B3B3D-C712-423E-8B65-DD89CBCC405D}.Debug|Win32.ActiveCfg = Debug|Any CPU
		{6E6B3B3D-C712-423E-8B65-DD89CBCC405D}.Release|Any CPU.ActiveCfg = Release|Any CPU
		{6E6B3B3D-C712-423E-8B65-DD89CBCC405D}.Release|Any CPU.Build.0 = Release|Any CPU
		{6E6B3B3D-C712-423E-8B65-DD89CBCC405D}.Release|Mixed Platforms.ActiveCfg = Release|Any CPU
		{6E6B3B3D-C712-423E-8B65-DD89CBCC405D}.Release|Mixed Platforms.Build.0 = Release|Any CPU
		{6E6B3B3D-C712-423E-8B65-DD89CBCC405D}.Release|Win32.ActiveCfg = Release|Any CPU
		{CB77D70A-AE30-4C34-AEA0-555C0E1751B6}.Debug|Any CPU.ActiveCfg = Debug|Any CPU
		{CB77D70A-AE30-4C34-AEA0-555C0E1751B6}.Debug|Any CPU.Build.0 = Debug|Any CPU
		{CB77D70A-AE30-4C34-AEA0-555C0E1751B6}.Debug|Mixed Platforms.ActiveCfg = Debug|Any CPU
		{CB77D70A-AE30-4C34-AEA0-555C0E1751B6}.Debug|Mixed Platforms.Build.0 = Debug|Any CPU
		{CB77D70A-AE30-4C34-AEA0-555C0E1751B6}.Debug|Win32.ActiveCfg = Debug|Any CPU
		{CB77D70A-AE30-4C34-AEA0-555C0E1751B6}.Release|Any CPU.ActiveCfg = Release|Any CPU
		{CB77D70A-AE30-4C34-AEA0-555C0E1751B6}.Release|Any CPU.Build.0 = Release|Any CPU
		{CB77D70A-AE30-4C34-AEA0-555C0E1751B6}.Release|Mixed Platforms.ActiveCfg = Release|Any CPU
		{CB77D70A-AE30-4C34-AEA0-555C0E1751B6}.Release|Mixed Platforms.Build.0 = Release|Any CPU
		{CB77D70A-AE30-4C34-AEA0-555C0E1751B6}.Release|Win32.ActiveCfg = Release|Any CPU
		{69C2BBC8-A76D-41CE-A8AF-7824041D0E14}.Debug|Any CPU.ActiveCfg = Debug|Any CPU
		{69C2BBC8-A76D-41CE-A8AF-7824041D0E14}.Debug|Any CPU.Build.0 = Debug|Any CPU
		{69C2BBC8-A76D-41CE-A8AF-7824041D0E14}.Debug|Mixed Platforms.ActiveCfg = Debug|Any CPU
		{69C2BBC8-A76D-41CE-A8AF-7824041D0E14}.Debug|Mixed Platforms.Build.0 = Debug|Any CPU
		{69C2BBC8-A76D-41CE-A8AF-7824041D0E14}.Debug|Win32.ActiveCfg = Debug|Any CPU
		{69C2BBC8-A76D-41CE-A8AF-7824041D0E14}.Release|Any CPU.ActiveCfg = Debug|Any CPU
		{69C2BBC8-A76D-41CE-A8AF-7824041D0E14}.Release|Any CPU.Build.0 = Debug|Any CPU
		{69C2BBC8-A76D-41CE-A8AF-7824041D0E14}.Release|Mixed Platforms.ActiveCfg = Debug|Any CPU
		{69C2BBC8-A76D-41CE-A8AF-7824041D0E14}.Release|Mixed Platforms.Build.0 = Debug|Any CPU
		{69C2BBC8-A76D-41CE-A8AF-7824041D0E14}.Release|Win32.ActiveCfg = Debug|Any CPU
		{5710FB56-0F1A-45ED-8E44-A99FC6102C12}.Debug|Any CPU.ActiveCfg = Debug|Any CPU
		{5710FB56-0F1A-45ED-8E44-A99FC6102C12}.Debug|Any CPU.Build.0 = Debug|Any CPU
		{5710FB56-0F1A-45ED-8E44-A99FC6102C12}.Debug|Mixed Platforms.ActiveCfg = Debug|Any CPU
		{5710FB56-0F1A-45ED-8E44-A99FC6102C12}.Debug|Mixed Platforms.Build.0 = Debug|Any CPU
		{5710FB56-0F1A-45ED-8E44-A99FC6102C12}.Debug|Win32.ActiveCfg = Debug|Any CPU
		{5710FB56-0F1A-45ED-8E44-A99FC6102C12}.Release|Any CPU.ActiveCfg = Release|Any CPU
		{5710FB56-0F1A-45ED-8E44-A99FC6102C12}.Release|Any CPU.Build.0 = Release|Any CPU
		{5710FB56-0F1A-45ED-8E44-A99FC6102C12}.Release|Mixed Platforms.ActiveCfg = Release|Any CPU
		{5710FB56-0F1A-45ED-8E44-A99FC6102C12}.Release|Mixed Platforms.Build.0 = Release|Any CPU
		{5710FB56-0F1A-45ED-8E44-A99FC6102C12}.Release|Win32.ActiveCfg = Release|Any CPU
		{CA1160A4-52A3-47EE-BDFB-260C65EEFBF7}.Debug|Any CPU.ActiveCfg = Debug|Any CPU
		{CA1160A4-52A3-47EE-BDFB-260C65EEFBF7}.Debug|Any CPU.Build.0 = Debug|Any CPU
		{CA1160A4-52A3-47EE-BDFB-260C65EEFBF7}.Debug|Mixed Platforms.ActiveCfg = Debug|Any CPU
		{CA1160A4-52A3-47EE-BDFB-260C65EEFBF7}.Debug|Mixed Platforms.Build.0 = Debug|Any CPU
		{CA1160A4-52A3-47EE-BDFB-260C65EEFBF7}.Debug|Win32.ActiveCfg = Debug|Any CPU
		{CA1160A4-52A3-47EE-BDFB-260C65EEFBF7}.Release|Any CPU.ActiveCfg = Release|Any CPU
		{CA1160A4-52A3-47EE-BDFB-260C65EEFBF7}.Release|Any CPU.Build.0 = Release|Any CPU
		{CA1160A4-52A3-47EE-BDFB-260C65EEFBF7}.Release|Mixed Platforms.ActiveCfg = Release|Any CPU
		{CA1160A4-52A3-47EE-BDFB-260C65EEFBF7}.Release|Mixed Platforms.Build.0 = Release|Any CPU
		{CA1160A4-52A3-47EE-BDFB-260C65EEFBF7}.Release|Win32.ActiveCfg = Release|Any CPU
		{44A41EC2-BE43-4E7A-809C-47031E4C189B}.Debug|Any CPU.ActiveCfg = Debug|Any CPU
		{44A41EC2-BE43-4E7A-809C-47031E4C189B}.Debug|Any CPU.Build.0 = Debug|Any CPU
		{44A41EC2-BE43-4E7A-809C-47031E4C189B}.Debug|Mixed Platforms.ActiveCfg = Debug|Any CPU
		{44A41EC2-BE43-4E7A-809C-47031E4C189B}.Debug|Mixed Platforms.Build.0 = Debug|Any CPU
		{44A41EC2-BE43-4E7A-809C-47031E4C189B}.Debug|Win32.ActiveCfg = Debug|Any CPU
		{44A41EC2-BE43-4E7A-809C-47031E4C189B}.Release|Any CPU.ActiveCfg = Release|Any CPU
		{44A41EC2-BE43-4E7A-809C-47031E4C189B}.Release|Any CPU.Build.0 = Release|Any CPU
		{44A41EC2-BE43-4E7A-809C-47031E4C189B}.Release|Mixed Platforms.ActiveCfg = Release|Any CPU
		{44A41EC2-BE43-4E7A-809C-47031E4C189B}.Release|Mixed Platforms.Build.0 = Release|Any CPU
		{44A41EC2-BE43-4E7A-809C-47031E4C189B}.Release|Win32.ActiveCfg = Release|Any CPU
		{7C68102C-9F79-48CD-B26F-2BFE45539BF4}.Debug|Any CPU.ActiveCfg = Debug|Any CPU
		{7C68102C-9F79-48CD-B26F-2BFE45539BF4}.Debug|Any CPU.Build.0 = Debug|Any CPU
		{7C68102C-9F79-48CD-B26F-2BFE45539BF4}.Debug|Mixed Platforms.ActiveCfg = Debug|Any CPU
		{7C68102C-9F79-48CD-B26F-2BFE45539BF4}.Debug|Mixed Platforms.Build.0 = Debug|Any CPU
		{7C68102C-9F79-48CD-B26F-2BFE45539BF4}.Debug|Win32.ActiveCfg = Debug|Any CPU
		{7C68102C-9F79-48CD-B26F-2BFE45539BF4}.Release|Any CPU.ActiveCfg = Debug|Any CPU
		{7C68102C-9F79-48CD-B26F-2BFE45539BF4}.Release|Any CPU.Build.0 = Debug|Any CPU
		{7C68102C-9F79-48CD-B26F-2BFE45539BF4}.Release|Mixed Platforms.ActiveCfg = Debug|Any CPU
		{7C68102C-9F79-48CD-B26F-2BFE45539BF4}.Release|Mixed Platforms.Build.0 = Debug|Any CPU
		{7C68102C-9F79-48CD-B26F-2BFE45539BF4}.Release|Win32.ActiveCfg = Debug|Any CPU
		{878CB4D9-1BB2-4DF0-A220-6FD7403BCE8F}.Debug|Any CPU.ActiveCfg = Debug|Any CPU
		{878CB4D9-1BB2-4DF0-A220-6FD7403BCE8F}.Debug|Any CPU.Build.0 = Debug|Any CPU
		{878CB4D9-1BB2-4DF0-A220-6FD7403BCE8F}.Debug|Mixed Platforms.ActiveCfg = Debug|Any CPU
		{878CB4D9-1BB2-4DF0-A220-6FD7403BCE8F}.Debug|Mixed Platforms.Build.0 = Debug|Any CPU
		{878CB4D9-1BB2-4DF0-A220-6FD7403BCE8F}.Debug|Win32.ActiveCfg = Debug|Any CPU
		{878CB4D9-1BB2-4DF0-A220-6FD7403BCE8F}.Release|Any CPU.ActiveCfg = Release|Any CPU
		{878CB4D9-1BB2-4DF0-A220-6FD7403BCE8F}.Release|Any CPU.Build.0 = Release|Any CPU
		{878CB4D9-1BB2-4DF0-A220-6FD7403BCE8F}.Release|Mixed Platforms.ActiveCfg = Release|Any CPU
		{878CB4D9-1BB2-4DF0-A220-6FD7403BCE8F}.Release|Mixed Platforms.Build.0 = Release|Any CPU
		{878CB4D9-1BB2-4DF0-A220-6FD7403BCE8F}.Release|Win32.ActiveCfg = Release|Any CPU
	EndGlobalSection
	GlobalSection(SolutionProperties) = preSolution
		HideSolutionNode = FALSE
	EndGlobalSection
EndGlobal
